
Microsoft Visual Studio Solution File, Format Version 12.00
# Visual Studio Version 17
VisualStudioVersion = 17.11.35312.102
MinimumVisualStudioVersion = 10.0.40219.1
Project("{FAE04EC0-301F-11D3-BF4B-00C04F79EFBC}") = "Calculator", "CSharpBasics\Calculator.csproj", "{A9A89C9A-EADB-44B4-9DD2-B6ACE32B6504}"
EndProject
Project("{2150E333-8FDC-42A3-9474-1A3956D46DE8}") = "day 4", "day 4", "{9FDF962B-C4D1-43BF-8D94-999D17A281DB}"
EndProject
Project("{FAE04EC0-301F-11D3-BF4B-00C04F79EFBC}") = "NameArray", "NameArray\NameArray.csproj", "{779FEB4E-C001-4BF5-AF2C-8CA907782BCE}"
EndProject
Project("{FAE04EC0-301F-11D3-BF4B-00C04F79EFBC}") = "stringbuilder", "stringbuilder\stringbuilder.csproj", "{E01AA01D-8933-45FC-B149-CF05B89A75D9}"
EndProject
Project("{FAE04EC0-301F-11D3-BF4B-00C04F79EFBC}") = "ConsoleApp1", "..\Day 4\ConsoleApp1\ConsoleApp1.csproj", "{B588EAAE-87E8-421B-83BF-3EE786D807AD}"
EndProject
Project("{2150E333-8FDC-42A3-9474-1A3956D46DE8}") = "Day-5", "Day-5", "{287A52A4-3D94-4DA1-B381-8F447362539D}"
EndProject
Project("{FAE04EC0-301F-11D3-BF4B-00C04F79EFBC}") = "Day-5", "..\Day-5\Day-5\Day-5.csproj", "{ED3C2242-BC1B-470F-A567-D43DC23242AE}"
EndProject
Project("{FAE04EC0-301F-11D3-BF4B-00C04F79EFBC}") = "Day5.DateAndTime", "..\Day-5\Day5.DateTime\Day5.DateAndTime.csproj", "{704430EE-4B3D-47BD-831F-3CBA8E0770AA}"
EndProject
Project("{FAE04EC0-301F-11D3-BF4B-00C04F79EFBC}") = "Day5ListDataTypes", "..\Day-5\Day5ListDataTypes\Day5ListDataTypes.csproj", "{4BB7A952-4D15-4D73-8DFB-191D0685A23B}"
EndProject
Project("{FAE04EC0-301F-11D3-BF4B-00C04F79EFBC}") = "Day-5ListDataTypesProblem2", "..\Day-5\Day-5ListDataTypesProblem2\Day-5ListDataTypesProblem2.csproj", "{F064FA8C-A373-47AB-88D1-C8E54B54F182}"
EndProject
Project("{FAE04EC0-301F-11D3-BF4B-00C04F79EFBC}") = "Day-5Dictionary", "..\Day-5\Day-5Dictionary\Day-5Dictionary.csproj", "{3996895F-F483-4965-B40E-A64F93C26E84}"
EndProject
Project("{2150E333-8FDC-42A3-9474-1A3956D46DE8}") = "Day 6", "Day 6", "{CCC5E0E9-01A1-4B47-B435-C05A201D54B8}"
EndProject
Project("{2150E333-8FDC-42A3-9474-1A3956D46DE8}") = "Day-9_Practise", "Day-9_Practise", "{1826ED59-A887-4353-B7A5-448B45170E24}"
EndProject
Project("{FAE04EC0-301F-11D3-BF4B-00C04F79EFBC}") = "PracticeSession", "PracticeSession\PracticeSession.csproj", "{FCD5431A-0C02-43CF-A617-986A714050BC}"
EndProject
Project("{2150E333-8FDC-42A3-9474-1A3956D46DE8}") = "Assesment", "Assesment", "{63AC2D50-61DF-42A2-8F14-8C91DFDC2B52}"
EndProject
Project("{FAE04EC0-301F-11D3-BF4B-00C04F79EFBC}") = "Assesment1", "Assesment1\Assesment1.csproj", "{A41C729A-149F-4EF4-BDA5-25D569947F04}"
EndProject
Project("{2150E333-8FDC-42A3-9474-1A3956D46DE8}") = "OOPs", "OOPs", "{C1457458-275B-4DC4-B0D6-66D7CB6D5374}"
EndProject
Project("{2150E333-8FDC-42A3-9474-1A3956D46DE8}") = "Assesments", "Assesments", "{0AF942D1-67B4-4129-B26D-BE5553468F77}"
EndProject
Project("{2150E333-8FDC-42A3-9474-1A3956D46DE8}") = "Assesment1", "Assesment1", "{D80442C7-AF8F-4E7F-B3F4-0C53EDF7607B}"
EndProject
Project("{FAE04EC0-301F-11D3-BF4B-00C04F79EFBC}") = "HospitalManagementTest1", "Assesment1\HospitalManagementTest1\HospitalManagementTest1.csproj", "{3991A3C6-5476-43A5-91DB-534E199E2B7F}"
EndProject
Project("{2150E333-8FDC-42A3-9474-1A3956D46DE8}") = "Assesments.", "Assesments.", "{EADAB1BF-D529-477D-879C-429BD80D8115}"
EndProject
Project("{FAE04EC0-301F-11D3-BF4B-00C04F79EFBC}") = "Assesment1-HospitalManagementTest1", "Assesment1-HospitalManagementTest1\Assesment1-HospitalManagementTest1.csproj", "{CEE6D89F-D2F9-4C00-B635-ADF4E92E4DC5}"
EndProject
Project("{2150E333-8FDC-42A3-9474-1A3956D46DE8}") = "Day10", "Day10", "{A3849971-C0FE-4919-A168-67DE348960EE}"
EndProject
Project("{FAE04EC0-301F-11D3-BF4B-00C04F79EFBC}") = "Test1", "..\Assesment\Test1\Test1.csproj", "{8BF3ECC7-ABDB-4A75-BF9C-9E126DD6C24D}"
EndProject
Project("{2150E333-8FDC-42A3-9474-1A3956D46DE8}") = "D", "D", "{11AD6C7D-1607-4B06-AC7C-B2C7E879F3CA}"
EndProject
Project("{FAE04EC0-301F-11D3-BF4B-00C04F79EFBC}") = "OopsIntro", "OopsIntro\OopsIntro.csproj", "{D620CBE3-8F8C-4127-A8D7-26F4B6E9EBE7}"
EndProject
Project("{FAE04EC0-301F-11D3-BF4B-00C04F79EFBC}") = "Student_ problem", "Student_ problem\Student_ problem.csproj", "{A707F95C-4738-4185-8330-345D3FE9305A}"
EndProject
Project("{FAE04EC0-301F-11D3-BF4B-00C04F79EFBC}") = "Calculator", "Calculator\Calculator.csproj", "{2D633018-A35F-4B32-9318-AD2675B51502}"
EndProject
Project("{FAE04EC0-301F-11D3-BF4B-00C04F79EFBC}") = "StudentArray", "StudentArray\StudentArray.csproj", "{CF9399CF-EBEA-4287-9228-653632748521}"
EndProject
Project("{FAE04EC0-301F-11D3-BF4B-00C04F79EFBC}") = "CardDetailsproblem", "CardDetailsproblem\CardDetailsproblem.csproj", "{739E85F4-7A2E-4685-85F2-6DA2460E3EA0}"
EndProject
Project("{2150E333-8FDC-42A3-9474-1A3956D46DE8}") = "12", "12", "{E67149F1-3ABC-4618-8543-4D5DA5330539}"
EndProject
Project("{FAE04EC0-301F-11D3-BF4B-00C04F79EFBC}") = "trial", "..\Day-10\trial\trial.csproj", "{67284084-6308-4CB9-81D5-9394A174CA9B}"
EndProject
Global
	GlobalSection(SolutionConfigurationPlatforms) = preSolution
		Debug|Any CPU = Debug|Any CPU
		Release|Any CPU = Release|Any CPU
	EndGlobalSection
	GlobalSection(ProjectConfigurationPlatforms) = postSolution
		{A9A89C9A-EADB-44B4-9DD2-B6ACE32B6504}.Debug|Any CPU.ActiveCfg = Debug|Any CPU
		{A9A89C9A-EADB-44B4-9DD2-B6ACE32B6504}.Debug|Any CPU.Build.0 = Debug|Any CPU
		{A9A89C9A-EADB-44B4-9DD2-B6ACE32B6504}.Release|Any CPU.ActiveCfg = Release|Any CPU
		{A9A89C9A-EADB-44B4-9DD2-B6ACE32B6504}.Release|Any CPU.Build.0 = Release|Any CPU
		{779FEB4E-C001-4BF5-AF2C-8CA907782BCE}.Debug|Any CPU.ActiveCfg = Debug|Any CPU
		{779FEB4E-C001-4BF5-AF2C-8CA907782BCE}.Debug|Any CPU.Build.0 = Debug|Any CPU
		{779FEB4E-C001-4BF5-AF2C-8CA907782BCE}.Release|Any CPU.ActiveCfg = Release|Any CPU
		{779FEB4E-C001-4BF5-AF2C-8CA907782BCE}.Release|Any CPU.Build.0 = Release|Any CPU
		{E01AA01D-8933-45FC-B149-CF05B89A75D9}.Debug|Any CPU.ActiveCfg = Debug|Any CPU
		{E01AA01D-8933-45FC-B149-CF05B89A75D9}.Debug|Any CPU.Build.0 = Debug|Any CPU
		{E01AA01D-8933-45FC-B149-CF05B89A75D9}.Release|Any CPU.ActiveCfg = Release|Any CPU
		{E01AA01D-8933-45FC-B149-CF05B89A75D9}.Release|Any CPU.Build.0 = Release|Any CPU
		{B588EAAE-87E8-421B-83BF-3EE786D807AD}.Debug|Any CPU.ActiveCfg = Debug|Any CPU
		{B588EAAE-87E8-421B-83BF-3EE786D807AD}.Debug|Any CPU.Build.0 = Debug|Any CPU
		{B588EAAE-87E8-421B-83BF-3EE786D807AD}.Release|Any CPU.ActiveCfg = Release|Any CPU
		{B588EAAE-87E8-421B-83BF-3EE786D807AD}.Release|Any CPU.Build.0 = Release|Any CPU
		{ED3C2242-BC1B-470F-A567-D43DC23242AE}.Debug|Any CPU.ActiveCfg = Debug|Any CPU
		{ED3C2242-BC1B-470F-A567-D43DC23242AE}.Debug|Any CPU.Build.0 = Debug|Any CPU
		{ED3C2242-BC1B-470F-A567-D43DC23242AE}.Release|Any CPU.ActiveCfg = Release|Any CPU
		{ED3C2242-BC1B-470F-A567-D43DC23242AE}.Release|Any CPU.Build.0 = Release|Any CPU
		{704430EE-4B3D-47BD-831F-3CBA8E0770AA}.Debug|Any CPU.ActiveCfg = Debug|Any CPU
		{704430EE-4B3D-47BD-831F-3CBA8E0770AA}.Debug|Any CPU.Build.0 = Debug|Any CPU
		{704430EE-4B3D-47BD-831F-3CBA8E0770AA}.Release|Any CPU.ActiveCfg = Release|Any CPU
		{704430EE-4B3D-47BD-831F-3CBA8E0770AA}.Release|Any CPU.Build.0 = Release|Any CPU
		{4BB7A952-4D15-4D73-8DFB-191D0685A23B}.Debug|Any CPU.ActiveCfg = Debug|Any CPU
		{4BB7A952-4D15-4D73-8DFB-191D0685A23B}.Debug|Any CPU.Build.0 = Debug|Any CPU
		{4BB7A952-4D15-4D73-8DFB-191D0685A23B}.Release|Any CPU.ActiveCfg = Release|Any CPU
		{4BB7A952-4D15-4D73-8DFB-191D0685A23B}.Release|Any CPU.Build.0 = Release|Any CPU
		{F064FA8C-A373-47AB-88D1-C8E54B54F182}.Debug|Any CPU.ActiveCfg = Debug|Any CPU
		{F064FA8C-A373-47AB-88D1-C8E54B54F182}.Debug|Any CPU.Build.0 = Debug|Any CPU
		{F064FA8C-A373-47AB-88D1-C8E54B54F182}.Release|Any CPU.ActiveCfg = Release|Any CPU
		{F064FA8C-A373-47AB-88D1-C8E54B54F182}.Release|Any CPU.Build.0 = Release|Any CPU
		{3996895F-F483-4965-B40E-A64F93C26E84}.Debug|Any CPU.ActiveCfg = Debug|Any CPU
		{3996895F-F483-4965-B40E-A64F93C26E84}.Debug|Any CPU.Build.0 = Debug|Any CPU
		{3996895F-F483-4965-B40E-A64F93C26E84}.Release|Any CPU.ActiveCfg = Release|Any CPU
		{3996895F-F483-4965-B40E-A64F93C26E84}.Release|Any CPU.Build.0 = Release|Any CPU
		{FCD5431A-0C02-43CF-A617-986A714050BC}.Debug|Any CPU.ActiveCfg = Debug|Any CPU
		{FCD5431A-0C02-43CF-A617-986A714050BC}.Debug|Any CPU.Build.0 = Debug|Any CPU
		{FCD5431A-0C02-43CF-A617-986A714050BC}.Release|Any CPU.ActiveCfg = Release|Any CPU
		{FCD5431A-0C02-43CF-A617-986A714050BC}.Release|Any CPU.Build.0 = Release|Any CPU
		{A41C729A-149F-4EF4-BDA5-25D569947F04}.Debug|Any CPU.ActiveCfg = Debug|Any CPU
		{A41C729A-149F-4EF4-BDA5-25D569947F04}.Debug|Any CPU.Build.0 = Debug|Any CPU
		{A41C729A-149F-4EF4-BDA5-25D569947F04}.Release|Any CPU.ActiveCfg = Release|Any CPU
		{A41C729A-149F-4EF4-BDA5-25D569947F04}.Release|Any CPU.Build.0 = Release|Any CPU
		{3991A3C6-5476-43A5-91DB-534E199E2B7F}.Debug|Any CPU.ActiveCfg = Debug|Any CPU
		{3991A3C6-5476-43A5-91DB-534E199E2B7F}.Debug|Any CPU.Build.0 = Debug|Any CPU
		{3991A3C6-5476-43A5-91DB-534E199E2B7F}.Release|Any CPU.ActiveCfg = Release|Any CPU
		{3991A3C6-5476-43A5-91DB-534E199E2B7F}.Release|Any CPU.Build.0 = Release|Any CPU
		{CEE6D89F-D2F9-4C00-B635-ADF4E92E4DC5}.Debug|Any CPU.ActiveCfg = Debug|Any CPU
		{CEE6D89F-D2F9-4C00-B635-ADF4E92E4DC5}.Debug|Any CPU.Build.0 = Debug|Any CPU
		{CEE6D89F-D2F9-4C00-B635-ADF4E92E4DC5}.Release|Any CPU.ActiveCfg = Release|Any CPU
		{CEE6D89F-D2F9-4C00-B635-ADF4E92E4DC5}.Release|Any CPU.Build.0 = Release|Any CPU
		{8BF3ECC7-ABDB-4A75-BF9C-9E126DD6C24D}.Debug|Any CPU.ActiveCfg = Debug|Any CPU
		{8BF3ECC7-ABDB-4A75-BF9C-9E126DD6C24D}.Debug|Any CPU.Build.0 = Debug|Any CPU
		{8BF3ECC7-ABDB-4A75-BF9C-9E126DD6C24D}.Release|Any CPU.ActiveCfg = Release|Any CPU
		{8BF3ECC7-ABDB-4A75-BF9C-9E126DD6C24D}.Release|Any CPU.Build.0 = Release|Any CPU
		{D620CBE3-8F8C-4127-A8D7-26F4B6E9EBE7}.Debug|Any CPU.ActiveCfg = Debug|Any CPU
		{D620CBE3-8F8C-4127-A8D7-26F4B6E9EBE7}.Debug|Any CPU.Build.0 = Debug|Any CPU
		{D620CBE3-8F8C-4127-A8D7-26F4B6E9EBE7}.Release|Any CPU.ActiveCfg = Release|Any CPU
		{D620CBE3-8F8C-4127-A8D7-26F4B6E9EBE7}.Release|Any CPU.Build.0 = Release|Any CPU
		{A707F95C-4738-4185-8330-345D3FE9305A}.Debug|Any CPU.ActiveCfg = Debug|Any CPU
		{A707F95C-4738-4185-8330-345D3FE9305A}.Debug|Any CPU.Build.0 = Debug|Any CPU
		{A707F95C-4738-4185-8330-345D3FE9305A}.Release|Any CPU.ActiveCfg = Release|Any CPU
		{A707F95C-4738-4185-8330-345D3FE9305A}.Release|Any CPU.Build.0 = Release|Any CPU
		{2D633018-A35F-4B32-9318-AD2675B51502}.Debug|Any CPU.ActiveCfg = Debug|Any CPU
		{2D633018-A35F-4B32-9318-AD2675B51502}.Debug|Any CPU.Build.0 = Debug|Any CPU
		{2D633018-A35F-4B32-9318-AD2675B51502}.Release|Any CPU.ActiveCfg = Release|Any CPU
		{2D633018-A35F-4B32-9318-AD2675B51502}.Release|Any CPU.Build.0 = Release|Any CPU
		{CF9399CF-EBEA-4287-9228-653632748521}.Debug|Any CPU.ActiveCfg = Debug|Any CPU
		{CF9399CF-EBEA-4287-9228-653632748521}.Debug|Any CPU.Build.0 = Debug|Any CPU
		{CF9399CF-EBEA-4287-9228-653632748521}.Release|Any CPU.ActiveCfg = Release|Any CPU
		{CF9399CF-EBEA-4287-9228-653632748521}.Release|Any CPU.Build.0 = Release|Any CPU
		{739E85F4-7A2E-4685-85F2-6DA2460E3EA0}.Debug|Any CPU.ActiveCfg = Debug|Any CPU
		{739E85F4-7A2E-4685-85F2-6DA2460E3EA0}.Debug|Any CPU.Build.0 = Debug|Any CPU
		{739E85F4-7A2E-4685-85F2-6DA2460E3EA0}.Release|Any CPU.ActiveCfg = Release|Any CPU
		{739E85F4-7A2E-4685-85F2-6DA2460E3EA0}.Release|Any CPU.Build.0 = Release|Any CPU
		{67284084-6308-4CB9-81D5-9394A174CA9B}.Debug|Any CPU.ActiveCfg = Debug|Any CPU
		{67284084-6308-4CB9-81D5-9394A174CA9B}.Debug|Any CPU.Build.0 = Debug|Any CPU
		{67284084-6308-4CB9-81D5-9394A174CA9B}.Release|Any CPU.ActiveCfg = Release|Any CPU
		{67284084-6308-4CB9-81D5-9394A174CA9B}.Release|Any CPU.Build.0 = Release|Any CPU
	EndGlobalSection
	GlobalSection(SolutionProperties) = preSolution
		HideSolutionNode = FALSE
	EndGlobalSection
	GlobalSection(NestedProjects) = preSolution
		{779FEB4E-C001-4BF5-AF2C-8CA907782BCE} = {9FDF962B-C4D1-43BF-8D94-999D17A281DB}
		{E01AA01D-8933-45FC-B149-CF05B89A75D9} = {9FDF962B-C4D1-43BF-8D94-999D17A281DB}
		{B588EAAE-87E8-421B-83BF-3EE786D807AD} = {9FDF962B-C4D1-43BF-8D94-999D17A281DB}
		{ED3C2242-BC1B-470F-A567-D43DC23242AE} = {287A52A4-3D94-4DA1-B381-8F447362539D}
		{704430EE-4B3D-47BD-831F-3CBA8E0770AA} = {287A52A4-3D94-4DA1-B381-8F447362539D}
		{4BB7A952-4D15-4D73-8DFB-191D0685A23B} = {287A52A4-3D94-4DA1-B381-8F447362539D}
		{F064FA8C-A373-47AB-88D1-C8E54B54F182} = {287A52A4-3D94-4DA1-B381-8F447362539D}
		{3996895F-F483-4965-B40E-A64F93C26E84} = {287A52A4-3D94-4DA1-B381-8F447362539D}
		{FCD5431A-0C02-43CF-A617-986A714050BC} = {1826ED59-A887-4353-B7A5-448B45170E24}
		{A41C729A-149F-4EF4-BDA5-25D569947F04} = {63AC2D50-61DF-42A2-8F14-8C91DFDC2B52}
		{D80442C7-AF8F-4E7F-B3F4-0C53EDF7607B} = {0AF942D1-67B4-4129-B26D-BE5553468F77}
		{3991A3C6-5476-43A5-91DB-534E199E2B7F} = {D80442C7-AF8F-4E7F-B3F4-0C53EDF7607B}
		{CEE6D89F-D2F9-4C00-B635-ADF4E92E4DC5} = {EADAB1BF-D529-477D-879C-429BD80D8115}
		{8BF3ECC7-ABDB-4A75-BF9C-9E126DD6C24D} = {A3849971-C0FE-4919-A168-67DE348960EE}
		{D620CBE3-8F8C-4127-A8D7-26F4B6E9EBE7} = {C1457458-275B-4DC4-B0D6-66D7CB6D5374}
		{A707F95C-4738-4185-8330-345D3FE9305A} = {C1457458-275B-4DC4-B0D6-66D7CB6D5374}
		{2D633018-A35F-4B32-9318-AD2675B51502} = {C1457458-275B-4DC4-B0D6-66D7CB6D5374}
		{CF9399CF-EBEA-4287-9228-653632748521} = {C1457458-275B-4DC4-B0D6-66D7CB6D5374}
		{739E85F4-7A2E-4685-85F2-6DA2460E3EA0} = {C1457458-275B-4DC4-B0D6-66D7CB6D5374}
		{67284084-6308-4CB9-81D5-9394A174CA9B} = {E67149F1-3ABC-4618-8543-4D5DA5330539}
	EndGlobalSection
	GlobalSection(ExtensibilityGlobals) = postSolution
		SolutionGuid = {40381A39-761F-41D2-AEC1-FE8865694F48}
	EndGlobalSection
EndGlobal
