
Microsoft Visual Studio Solution File, Format Version 12.00
# Visual Studio Version 17
VisualStudioVersion = 17.11.35312.102
MinimumVisualStudioVersion = 10.0.40219.1
Project("{FAE04EC0-301F-11D3-BF4B-00C04F79EFBC}") = "Calculator", "CSharpBasics\Calculator.csproj", "{A9A89C9A-EADB-44B4-9DD2-B6ACE32B6504}"
EndProject
Project("{2150E333-8FDC-42A3-9474-1A3956D46DE8}") = "day 4", "day 4", "{9FDF962B-C4D1-43BF-8D94-999D17A281DB}"
EndProject
Project("{FAE04EC0-301F-11D3-BF4B-00C04F79EFBC}") = "NameArray", "NameArray\NameArray.csproj", "{779FEB4E-C001-4BF5-AF2C-8CA907782BCE}"
EndProject
Project("{FAE04EC0-301F-11D3-BF4B-00C04F79EFBC}") = "stringbuilder", "stringbuilder\stringbuilder.csproj", "{E01AA01D-8933-45FC-B149-CF05B89A75D9}"
EndProject
Project("{FAE04EC0-301F-11D3-BF4B-00C04F79EFBC}") = "ConsoleApp1", "..\Day 4\ConsoleApp1\ConsoleApp1.csproj", "{B588EAAE-87E8-421B-83BF-3EE786D807AD}"
EndProject
Project("{2150E333-8FDC-42A3-9474-1A3956D46DE8}") = "Day-5", "Day-5", "{287A52A4-3D94-4DA1-B381-8F447362539D}"
EndProject
Project("{FAE04EC0-301F-11D3-BF4B-00C04F79EFBC}") = "Day-5", "..\Day-5\Day-5\Day-5.csproj", "{ED3C2242-BC1B-470F-A567-D43DC23242AE}"
EndProject
Project("{FAE04EC0-301F-11D3-BF4B-00C04F79EFBC}") = "Day5.DateAndTime", "..\Day-5\Day5.DateTime\Day5.DateAndTime.csproj", "{704430EE-4B3D-47BD-831F-3CBA8E0770AA}"
EndProject
Project("{FAE04EC0-301F-11D3-BF4B-00C04F79EFBC}") = "Day5ListDataTypes", "..\Day-5\Day5ListDataTypes\Day5ListDataTypes.csproj", "{4BB7A952-4D15-4D73-8DFB-191D0685A23B}"
EndProject
Project("{FAE04EC0-301F-11D3-BF4B-00C04F79EFBC}") = "Day-5ListDataTypesProblem2", "..\Day-5\Day-5ListDataTypesProblem2\Day-5ListDataTypesProblem2.csproj", "{F064FA8C-A373-47AB-88D1-C8E54B54F182}"
EndProject
Project("{FAE04EC0-301F-11D3-BF4B-00C04F79EFBC}") = "Day-5Dictionary", "..\Day-5\Day-5Dictionary\Day-5Dictionary.csproj", "{3996895F-F483-4965-B40E-A64F93C26E84}"
EndProject
Project("{2150E333-8FDC-42A3-9474-1A3956D46DE8}") = "Day 6", "Day 6", "{CCC5E0E9-01A1-4B47-B435-C05A201D54B8}"
EndProject
Global
	GlobalSection(SolutionConfigurationPlatforms) = preSolution
		Debug|Any CPU = Debug|Any CPU
		Release|Any CPU = Release|Any CPU
	EndGlobalSection
	GlobalSection(ProjectConfigurationPlatforms) = postSolution
		{A9A89C9A-EADB-44B4-9DD2-B6ACE32B6504}.Debug|Any CPU.ActiveCfg = Debug|Any CPU
		{A9A89C9A-EADB-44B4-9DD2-B6ACE32B6504}.Debug|Any CPU.Build.0 = Debug|Any CPU
		{A9A89C9A-EADB-44B4-9DD2-B6ACE32B6504}.Release|Any CPU.ActiveCfg = Release|Any CPU
		{A9A89C9A-EADB-44B4-9DD2-B6ACE32B6504}.Release|Any CPU.Build.0 = Release|Any CPU
		{779FEB4E-C001-4BF5-AF2C-8CA907782BCE}.Debug|Any CPU.ActiveCfg = Debug|Any CPU
		{779FEB4E-C001-4BF5-AF2C-8CA907782BCE}.Debug|Any CPU.Build.0 = Debug|Any CPU
		{779FEB4E-C001-4BF5-AF2C-8CA907782BCE}.Release|Any CPU.ActiveCfg = Release|Any CPU
		{779FEB4E-C001-4BF5-AF2C-8CA907782BCE}.Release|Any CPU.Build.0 = Release|Any CPU
		{E01AA01D-8933-45FC-B149-CF05B89A75D9}.Debug|Any CPU.ActiveCfg = Debug|Any CPU
		{E01AA01D-8933-45FC-B149-CF05B89A75D9}.Debug|Any CPU.Build.0 = Debug|Any CPU
		{E01AA01D-8933-45FC-B149-CF05B89A75D9}.Release|Any CPU.ActiveCfg = Release|Any CPU
		{E01AA01D-8933-45FC-B149-CF05B89A75D9}.Release|Any CPU.Build.0 = Release|Any CPU
		{B588EAAE-87E8-421B-83BF-3EE786D807AD}.Debug|Any CPU.ActiveCfg = Debug|Any CPU
		{B588EAAE-87E8-421B-83BF-3EE786D807AD}.Debug|Any CPU.Build.0 = Debug|Any CPU
		{B588EAAE-87E8-421B-83BF-3EE786D807AD}.Release|Any CPU.ActiveCfg = Release|Any CPU
		{B588EAAE-87E8-421B-83BF-3EE786D807AD}.Release|Any CPU.Build.0 = Release|Any CPU
		{ED3C2242-BC1B-470F-A567-D43DC23242AE}.Debug|Any CPU.ActiveCfg = Debug|Any CPU
		{ED3C2242-BC1B-470F-A567-D43DC23242AE}.Debug|Any CPU.Build.0 = Debug|Any CPU
		{ED3C2242-BC1B-470F-A567-D43DC23242AE}.Release|Any CPU.ActiveCfg = Release|Any CPU
		{ED3C2242-BC1B-470F-A567-D43DC23242AE}.Release|Any CPU.Build.0 = Release|Any CPU
		{704430EE-4B3D-47BD-831F-3CBA8E0770AA}.Debug|Any CPU.ActiveCfg = Debug|Any CPU
		{704430EE-4B3D-47BD-831F-3CBA8E0770AA}.Debug|Any CPU.Build.0 = Debug|Any CPU
		{704430EE-4B3D-47BD-831F-3CBA8E0770AA}.Release|Any CPU.ActiveCfg = Release|Any CPU
		{704430EE-4B3D-47BD-831F-3CBA8E0770AA}.Release|Any CPU.Build.0 = Release|Any CPU
		{4BB7A952-4D15-4D73-8DFB-191D0685A23B}.Debug|Any CPU.ActiveCfg = Debug|Any CPU
		{4BB7A952-4D15-4D73-8DFB-191D0685A23B}.Debug|Any CPU.Build.0 = Debug|Any CPU
		{4BB7A952-4D15-4D73-8DFB-191D0685A23B}.Release|Any CPU.ActiveCfg = Release|Any CPU
		{4BB7A952-4D15-4D73-8DFB-191D0685A23B}.Release|Any CPU.Build.0 = Release|Any CPU
		{F064FA8C-A373-47AB-88D1-C8E54B54F182}.Debug|Any CPU.ActiveCfg = Debug|Any CPU
		{F064FA8C-A373-47AB-88D1-C8E54B54F182}.Debug|Any CPU.Build.0 = Debug|Any CPU
		{F064FA8C-A373-47AB-88D1-C8E54B54F182}.Release|Any CPU.ActiveCfg = Release|Any CPU
		{F064FA8C-A373-47AB-88D1-C8E54B54F182}.Release|Any CPU.Build.0 = Release|Any CPU
		{3996895F-F483-4965-B40E-A64F93C26E84}.Debug|Any CPU.ActiveCfg = Debug|Any CPU
		{3996895F-F483-4965-B40E-A64F93C26E84}.Debug|Any CPU.Build.0 = Debug|Any CPU
		{3996895F-F483-4965-B40E-A64F93C26E84}.Release|Any CPU.ActiveCfg = Release|Any CPU
		{3996895F-F483-4965-B40E-A64F93C26E84}.Release|Any CPU.Build.0 = Release|Any CPU
	EndGlobalSection
	GlobalSection(SolutionProperties) = preSolution
		HideSolutionNode = FALSE
	EndGlobalSection
	GlobalSection(NestedProjects) = preSolution
		{779FEB4E-C001-4BF5-AF2C-8CA907782BCE} = {9FDF962B-C4D1-43BF-8D94-999D17A281DB}
		{E01AA01D-8933-45FC-B149-CF05B89A75D9} = {9FDF962B-C4D1-43BF-8D94-999D17A281DB}
		{B588EAAE-87E8-421B-83BF-3EE786D807AD} = {9FDF962B-C4D1-43BF-8D94-999D17A281DB}
		{ED3C2242-BC1B-470F-A567-D43DC23242AE} = {287A52A4-3D94-4DA1-B381-8F447362539D}
		{704430EE-4B3D-47BD-831F-3CBA8E0770AA} = {287A52A4-3D94-4DA1-B381-8F447362539D}
		{4BB7A952-4D15-4D73-8DFB-191D0685A23B} = {287A52A4-3D94-4DA1-B381-8F447362539D}
		{F064FA8C-A373-47AB-88D1-C8E54B54F182} = {287A52A4-3D94-4DA1-B381-8F447362539D}
		{3996895F-F483-4965-B40E-A64F93C26E84} = {287A52A4-3D94-4DA1-B381-8F447362539D}
	EndGlobalSection
	GlobalSection(ExtensibilityGlobals) = postSolution
		SolutionGuid = {40381A39-761F-41D2-AEC1-FE8865694F48}
	EndGlobalSection
EndGlobal
